
Microsoft Visual Studio Solution File, Format Version 12.00
# Visual Studio Version 16
VisualStudioVersion = 16.0.29709.97
MinimumVisualStudioVersion = 10.0.40219.1
Project("{9A19103F-16F7-4668-BE54-9A1E7A4F7556}") = "AspNetCore.FormsAuthentication", "src\AspNetCore.FormsAuthentication\AspNetCore.FormsAuthentication.csproj", "{8F586051-2163-42E5-A689-358A123420E2}"
EndProject
Project("{9A19103F-16F7-4668-BE54-9A1E7A4F7556}") = "AspNetCore.FormsAuthentication.Tests", "tests\AspNetCore.FormsAuthentication.Tests\AspNetCore.FormsAuthentication.Tests.csproj", "{93455C81-05A7-4379-BECE-3C71796D039B}"
EndProject
Global
	GlobalSection(SolutionConfigurationPlatforms) = preSolution
		Debug|Any CPU = Debug|Any CPU
		Release|Any CPU = Release|Any CPU
	EndGlobalSection
	GlobalSection(ProjectConfigurationPlatforms) = postSolution
		{8F586051-2163-42E5-A689-358A123420E2}.Debug|Any CPU.ActiveCfg = Debug|Any CPU
		{8F586051-2163-42E5-A689-358A123420E2}.Debug|Any CPU.Build.0 = Debug|Any CPU
		{8F586051-2163-42E5-A689-358A123420E2}.Release|Any CPU.ActiveCfg = Release|Any CPU
		{8F586051-2163-42E5-A689-358A123420E2}.Release|Any CPU.Build.0 = Release|Any CPU
		{93455C81-05A7-4379-BECE-3C71796D039B}.Debug|Any CPU.ActiveCfg = Debug|Any CPU
		{93455C81-05A7-4379-BECE-3C71796D039B}.Debug|Any CPU.Build.0 = Debug|Any CPU
		{93455C81-05A7-4379-BECE-3C71796D039B}.Release|Any CPU.ActiveCfg = Release|Any CPU
		{93455C81-05A7-4379-BECE-3C71796D039B}.Release|Any CPU.Build.0 = Release|Any CPU
	EndGlobalSection
	GlobalSection(SolutionProperties) = preSolution
		HideSolutionNode = FALSE
	EndGlobalSection
	GlobalSection(ExtensibilityGlobals) = postSolution
		SolutionGuid = {B48EAEB7-E029-4590-ADF4-358B2E511822}
	EndGlobalSection
EndGlobal
